{
  "name": "pi-pty",
  "version": "1.0.0",
  "lockfileVersion": 3,
  "requires": true,
  "packages": {
    "": {
      "name": "pi-pty",
      "version": "1.0.0",
      "dependencies": {
        "@xterm/addon-serialize": "0.14.0",
        "@xterm/headless": "6.0.0",
        "zigpty": "0.2.0"
      }
    },
    "node_modules/@xterm/addon-serialize": {
      "version": "0.14.0",
      "resolved": "https://registry.npmjs.org/@xterm/addon-serialize/-/addon-serialize-0.14.0.tgz",
      "integrity": "sha512-uteyTU1EkrQa2Ux6P/uFl2fzmXI46jy5uoQMKEOM0fKTyiW7cSn0WrFenHm5vO5uEXX/GpwW/FgILvv3r0WbkA==",
      "license": "MIT"
    },
    "node_modules/@xterm/headless": {
      "version": "6.0.0",
      "resolved": "https://registry.npmjs.org/@xterm/headless/-/headless-6.0.0.tgz",
      "integrity": "sha512-5Yj1QINYCyzrZtf8OFIHi47iQtI+0qYFPHmouEfG8dHNxbZ9Tb9YGSuLcsEwj9Z+OL75GJqPyJbyoFer80a2Hw==",
      "license": "MIT",
      "workspaces": [
        "addons/*"
      ]
    },
    "node_modules/zigpty": {
      "version": "0.2.0",
      "resolved": "https://registry.npmjs.org/zigpty/-/zigpty-0.2.0.tgz",
      "integrity": "sha512-rEn53TjljnMVzuCi5Rx9/Do0iZkq6y+71BMOX7tBVD2DSfOyCEKobNRXHWBUkC38g3nLjSaPU2bB/hLALY7HYg==",
      "workspaces": [
        "playground"
      ]
    }
  }
}
